
Microsoft Visual Studio Solution File, Format Version 12.00
# Visual Studio Version 16
VisualStudioVersion = 16.0.30204.135
MinimumVisualStudioVersion = 10.0.40219.1
Project("{8BC9CEB8-8B4A-11D0-8D11-00A0C91BC942}") = "csv_parser", "csv_parser\csv_parser.vcxproj", "{EB8EE49A-D505-4FE9-B0CF-16781F5FF195}"
EndProject
Global
	GlobalSection(SolutionConfigurationPlatforms) = preSolution
		Debug|x64 = Debug|x64
		Debug|x86 = Debug|x86
		Release|x64 = Release|x64
		Release|x86 = Release|x86
	EndGlobalSection
	GlobalSection(ProjectConfigurationPlatforms) = postSolution
		{EB8EE49A-D505-4FE9-B0CF-16781F5FF195}.Debug|x64.ActiveCfg = Debug|x64
		{EB8EE49A-D505-4FE9-B0CF-16781F5FF195}.Debug|x64.Build.0 = Debug|x64
		{EB8EE49A-D505-4FE9-B0CF-16781F5FF195}.Debug|x86.ActiveCfg = Debug|Win32
		{EB8EE49A-D505-4FE9-B0CF-16781F5FF195}.Debug|x86.Build.0 = Debug|Win32
		{EB8EE49A-D505-4FE9-B0CF-16781F5FF195}.Release|x64.ActiveCfg = Release|x64
		{EB8EE49A-D505-4FE9-B0CF-16781F5FF195}.Release|x64.Build.0 = Release|x64
		{EB8EE49A-D505-4FE9-B0CF-16781F5FF195}.Release|x86.ActiveCfg = Release|Win32
		{EB8EE49A-D505-4FE9-B0CF-16781F5FF195}.Release|x86.Build.0 = Release|Win32
	EndGlobalSection
	GlobalSection(SolutionProperties) = preSolution
		HideSolutionNode = FALSE
	EndGlobalSection
	GlobalSection(ExtensibilityGlobals) = postSolution
		SolutionGuid = {65299F83-B753-4D6D-A4CF-DC07DA74A03F}
	EndGlobalSection
EndGlobal
